
Microsoft Visual Studio Solution File, Format Version 12.00
# Visual Studio Version 17
VisualStudioVersion = 17.1.32228.430
MinimumVisualStudioVersion = 10.0.40219.1
Project("{FAE04EC0-301F-11D3-BF4B-00C04F79EFBC}") = "Minesweeper", "Minesweeper\Minesweeper.csproj", "{13577ED7-B974-4551-BC39-7E1A0294C1EB}"
EndProject
Project("{FAE04EC0-301F-11D3-BF4B-00C04F79EFBC}") = "MinesweeperWPF", "MinesweeperWPF\MinesweeperWPF.csproj", "{EBD4C632-063C-499C-8C4A-6684FEF23EDD}"
EndProject
Global
	GlobalSection(SolutionConfigurationPlatforms) = preSolution
		Debug|Any CPU = Debug|Any CPU
		Release|Any CPU = Release|Any CPU
	EndGlobalSection
	GlobalSection(ProjectConfigurationPlatforms) = postSolution
		{13577ED7-B974-4551-BC39-7E1A0294C1EB}.Debug|Any CPU.ActiveCfg = Debug|Any CPU
		{13577ED7-B974-4551-BC39-7E1A0294C1EB}.Debug|Any CPU.Build.0 = Debug|Any CPU
		{13577ED7-B974-4551-BC39-7E1A0294C1EB}.Release|Any CPU.ActiveCfg = Release|Any CPU
		{13577ED7-B974-4551-BC39-7E1A0294C1EB}.Release|Any CPU.Build.0 = Release|Any CPU
		{EBD4C632-063C-499C-8C4A-6684FEF23EDD}.Debug|Any CPU.ActiveCfg = Debug|Any CPU
		{EBD4C632-063C-499C-8C4A-6684FEF23EDD}.Debug|Any CPU.Build.0 = Debug|Any CPU
		{EBD4C632-063C-499C-8C4A-6684FEF23EDD}.Release|Any CPU.ActiveCfg = Release|Any CPU
		{EBD4C632-063C-499C-8C4A-6684FEF23EDD}.Release|Any CPU.Build.0 = Release|Any CPU
	EndGlobalSection
	GlobalSection(SolutionProperties) = preSolution
		HideSolutionNode = FALSE
	EndGlobalSection
	GlobalSection(ExtensibilityGlobals) = postSolution
		SolutionGuid = {DD123D23-C2E4-4054-8EF5-0BF6D83B5DCC}
	EndGlobalSection
EndGlobal
